// !$*UTF8*$!
{
	archiveVersion = 1;
	classes = {
	};
	objectVersion = 46;
	objects = {

/* Begin PBXBuildFile section */
		48CF517B1933401600FBAAF6 /* Foundation.framework in Frameworks */ = {isa = PBXBuildFile; fileRef = 48CF517A1933401600FBAAF6 /* Foundation.framework */; };
		48CF517D1933401600FBAAF6 /* CoreGraphics.framework in Frameworks */ = {isa = PBXBuildFile; fileRef = 48CF517C1933401600FBAAF6 /* CoreGraphics.framework */; };
		48CF517F1933401600FBAAF6 /* UIKit.framework in Frameworks */ = {isa = PBXBuildFile; fileRef = 48CF517E1933401600FBAAF6 /* UIKit.framework */; };
		48CF51851933401700FBAAF6 /* InfoPlist.strings in Resources */ = {isa = PBXBuildFile; fileRef = 48CF51831933401700FBAAF6 /* InfoPlist.strings */; };
		48CF51871933401700FBAAF6 /* main.m in Sources */ = {isa = PBXBuildFile; fileRef = 48CF51861933401700FBAAF6 /* main.m */; };
		48CF518B1933401700FBAAF6 /* AppDelegate.m in Sources */ = {isa = PBXBuildFile; fileRef = 48CF518A1933401700FBAAF6 /* AppDelegate.m */; };
		48CF518D1933401700FBAAF6 /* Images.xcassets in Resources */ = {isa = PBXBuildFile; fileRef = 48CF518C1933401700FBAAF6 /* Images.xcassets */; };
		48CF51941933401700FBAAF6 /* XCTest.framework in Frameworks */ = {isa = PBXBuildFile; fileRef = 48CF51931933401700FBAAF6 /* XCTest.framework */; };
		48CF51951933401700FBAAF6 /* Foundation.framework in Frameworks */ = {isa = PBXBuildFile; fileRef = 48CF517A1933401600FBAAF6 /* Foundation.framework */; };
		48CF51961933401700FBAAF6 /* UIKit.framework in Frameworks */ = {isa = PBXBuildFile; fileRef = 48CF517E1933401600FBAAF6 /* UIKit.framework */; };
		48CF519E1933401700FBAAF6 /* InfoPlist.strings in Resources */ = {isa = PBXBuildFile; fileRef = 48CF519C1933401700FBAAF6 /* InfoPlist.strings */; };
		48CF51A01933401700FBAAF6 /* PickerViewWithSearchBarTests.m in Sources */ = {isa = PBXBuildFile; fileRef = 48CF519F1933401700FBAAF6 /* PickerViewWithSearchBarTests.m */; };
/* End PBXBuildFile section */

/* Begin PBXContainerItemProxy section */
		48CF51971933401700FBAAF6 /* PBXContainerItemProxy */ = {
			isa = PBXContainerItemProxy;
			containerPortal = 48CF516F1933401600FBAAF6 /* Project object */;
			proxyType = 1;
			remoteGlobalIDString = 48CF51761933401600FBAAF6;
			remoteInfo = PickerViewWithSearchBar;
		};
/* End PBXContainerItemProxy section */

/* Begin PBXFileReference section */
		48CF51771933401600FBAAF6 /* PickerViewWithSearchBar.app */ = {isa = PBXFileReference; explicitFileType = wrapper.application; includeInIndex = 0; path = PickerViewWithSearchBar.app; sourceTree = BUILT_PRODUCTS_DIR; };
		48CF517A1933401600FBAAF6 /* Foundation.framework */ = {isa = PBXFileReference; lastKnownFileType = wrapper.framework; name = Foundation.framework; path = System/Library/Frameworks/Foundation.framework; sourceTree = SDKROOT; };
		48CF517C1933401600FBAAF6 /* CoreGraphics.framework */ = {isa = PBXFileReference; lastKnownFileType = wrapper.framework; name = CoreGraphics.framework; path = System/Library/Frameworks/CoreGraphics.framework; sourceTree = SDKROOT; };
		48CF517E1933401600FBAAF6 /* UIKit.framework */ = {isa = PBXFileReference; lastKnownFileType = wrapper.framework; name = UIKit.framework; path = System/Library/Frameworks/UIKit.framework; sourceTree = SDKROOT; };
		48CF51821933401700FBAAF6 /* PickerViewWithSearchBar-Info.plist */ = {isa = PBXFileReference; lastKnownFileType = text.plist.xml; path = "PickerViewWithSearchBar-Info.plist"; sourceTree = "<group>"; };
		48CF51841933401700FBAAF6 /* en */ = {isa = PBXFileReference; lastKnownFileType = text.plist.strings; name = en; path = en.lproj/InfoPlist.strings; sourceTree = "<group>"; };
		48CF51861933401700FBAAF6 /* main.m */ = {isa = PBXFileReference; lastKnownFileType = sourcecode.c.objc; path = main.m; sourceTree = "<group>"; };
		48CF51881933401700FBAAF6 /* PickerViewWithSearchBar-Prefix.pch */ = {isa = PBXFileReference; lastKnownFileType = sourcecode.c.h; path = "PickerViewWithSearchBar-Prefix.pch"; sourceTree = "<group>"; };
		48CF51891933401700FBAAF6 /* AppDelegate.h */ = {isa = PBXFileReference; lastKnownFileType = sourcecode.c.h; path = AppDelegate.h; sourceTree = "<group>"; };
		48CF518A1933401700FBAAF6 /* AppDelegate.m */ = {isa = PBXFileReference; lastKnownFileType = sourcecode.c.objc; path = AppDelegate.m; sourceTree = "<group>"; };
		48CF518C1933401700FBAAF6 /* Images.xcassets */ = {isa = PBXFileReference; lastKnownFileType = folder.assetcatalog; path = Images.xcassets; sourceTree = "<group>"; };
		48CF51921933401700FBAAF6 /* PickerViewWithSearchBarTests.xctest */ = {isa = PBXFileReference; explicitFileType = wrapper.cfbundle; includeInIndex = 0; path = PickerViewWithSearchBarTests.xctest; sourceTree = BUILT_PRODUCTS_DIR; };
		48CF51931933401700FBAAF6 /* XCTest.framework */ = {isa = PBXFileReference; lastKnownFileType = wrapper.framework; name = XCTest.framework; path = Library/Frameworks/XCTest.framework; sourceTree = DEVELOPER_DIR; };
		48CF519B1933401700FBAAF6 /* PickerViewWithSearchBarTests-Info.plist */ = {isa = PBXFileReference; lastKnownFileType = text.plist.xml; path = "PickerViewWithSearchBarTests-Info.plist"; sourceTree = "<group>"; };
		48CF519D1933401700FBAAF6 /* en */ = {isa = PBXFileReference; lastKnownFileType = text.plist.strings; name = en; path = en.lproj/InfoPlist.strings; sourceTree = "<group>"; };
		48CF519F1933401700FBAAF6 /* PickerViewWithSearchBarTests.m */ = {isa = PBXFileReference; lastKnownFileType = sourcecode.c.objc; path = PickerViewWithSearchBarTests.m; sourceTree = "<group>"; };
/* End PBXFileReference section */

/* Begin PBXFrameworksBuildPhase section */
		48CF51741933401600FBAAF6 /* Frameworks */ = {
			isa = PBXFrameworksBuildPhase;
			buildActionMask = 2147483647;
			files = (
				48CF517D1933401600FBAAF6 /* CoreGraphics.framework in Frameworks */,
				48CF517F1933401600FBAAF6 /* UIKit.framework in Frameworks */,
				48CF517B1933401600FBAAF6 /* Foundation.framework in Frameworks */,
			);
			runOnlyForDeploymentPostprocessing = 0;
		};
		48CF518F1933401700FBAAF6 /* Frameworks */ = {
			isa = PBXFrameworksBuildPhase;
			buildActionMask = 2147483647;
			files = (
				48CF51941933401700FBAAF6 /* XCTest.framework in Frameworks */,
				48CF51961933401700FBAAF6 /* UIKit.framework in Frameworks */,
				48CF51951933401700FBAAF6 /* Foundation.framework in Frameworks */,
			);
			runOnlyForDeploymentPostprocessing = 0;
		};
/* End PBXFrameworksBuildPhase section */

/* Begin PBXGroup section */
		48CF516E1933401600FBAAF6 = {
			isa = PBXGroup;
			children = (
				48CF51801933401600FBAAF6 /* PickerViewWithSearchBar */,
				48CF51991933401700FBAAF6 /* PickerViewWithSearchBarTests */,
				48CF51791933401600FBAAF6 /* Frameworks */,
				48CF51781933401600FBAAF6 /* Products */,
			);
			sourceTree = "<group>";
		};
		48CF51781933401600FBAAF6 /* Products */ = {
			isa = PBXGroup;
			children = (
				48CF51771933401600FBAAF6 /* PickerViewWithSearchBar.app */,
				48CF51921933401700FBAAF6 /* PickerViewWithSearchBarTests.xctest */,
			);
			name = Products;
			sourceTree = "<group>";
		};
		48CF51791933401600FBAAF6 /* Frameworks */ = {
			isa = PBXGroup;
			children = (
				48CF517A1933401600FBAAF6 /* Foundation.framework */,
				48CF517C1933401600FBAAF6 /* CoreGraphics.framework */,
				48CF517E1933401600FBAAF6 /* UIKit.framework */,
				48CF51931933401700FBAAF6 /* XCTest.framework */,
			);
			name = Frameworks;
			sourceTree = "<group>";
		};
		48CF51801933401600FBAAF6 /* PickerViewWithSearchBar */ = {
			isa = PBXGroup;
			children = (
				48CF51891933401700FBAAF6 /* AppDelegate.h */,
				48CF518A1933401700FBAAF6 /* AppDelegate.m */,
				48CF518C1933401700FBAAF6 /* Images.xcassets */,
				48CF51811933401700FBAAF6 /* Supporting Files */,
			);
			path = PickerViewWithSearchBar;
			sourceTree = "<group>";
		};
		48CF51811933401700FBAAF6 /* Supporting Files */ = {
			isa = PBXGroup;
			children = (
				48CF51821933401700FBAAF6 /* PickerViewWithSearchBar-Info.plist */,
				48CF51831933401700FBAAF6 /* InfoPlist.strings */,
				48CF51861933401700FBAAF6 /* main.m */,
				48CF51881933401700FBAAF6 /* PickerViewWithSearchBar-Prefix.pch */,
			);
			name = "Supporting Files";
			sourceTree = "<group>";
		};
		48CF51991933401700FBAAF6 /* PickerViewWithSearchBarTests */ = {
			isa = PBXGroup;
			children = (
				48CF519F1933401700FBAAF6 /* PickerViewWithSearchBarTests.m */,
				48CF519A1933401700FBAAF6 /* Supporting Files */,
			);
			path = PickerViewWithSearchBarTests;
			sourceTree = "<group>";
		};
		48CF519A1933401700FBAAF6 /* Supporting Files */ = {
			isa = PBXGroup;
			children = (
				48CF519B1933401700FBAAF6 /* PickerViewWithSearchBarTests-Info.plist */,
				48CF519C1933401700FBAAF6 /* InfoPlist.strings */,
			);
			name = "Supporting Files";
			sourceTree = "<group>";
		};
/* End PBXGroup section */

/* Begin PBXNativeTarget section */
		48CF51761933401600FBAAF6 /* PickerViewWithSearchBar */ = {
			isa = PBXNativeTarget;
			buildConfigurationList = 48CF51A31933401700FBAAF6 /* Build configuration list for PBXNativeTarget "PickerViewWithSearchBar" */;
			buildPhases = (
				48CF51731933401600FBAAF6 /* Sources */,
				48CF51741933401600FBAAF6 /* Frameworks */,
				48CF51751933401600FBAAF6 /* Resources */,
			);
			buildRules = (
			);
			dependencies = (
			);
			name = PickerViewWithSearchBar;
			productName = PickerViewWithSearchBar;
			productReference = 48CF51771933401600FBAAF6 /* PickerViewWithSearchBar.app */;
			productType = "com.apple.product-type.application";
		};
		48CF51911933401700FBAAF6 /* PickerViewWithSearchBarTests */ = {
			isa = PBXNativeTarget;
			buildConfigurationList = 48CF51A61933401700FBAAF6 /* Build configuration list for PBXNativeTarget "PickerViewWithSearchBarTests" */;
			buildPhases = (
				48CF518E1933401700FBAAF6 /* Sources */,
				48CF518F1933401700FBAAF6 /* Frameworks */,
				48CF51901933401700FBAAF6 /* Resources */,
			);
			buildRules = (
			);
			dependencies = (
				48CF51981933401700FBAAF6 /* PBXTargetDependency */,
			);
			name = PickerViewWithSearchBarTests;
			productName = PickerViewWithSearchBarTests;
			productReference = 48CF51921933401700FBAAF6 /* PickerViewWithSearchBarTests.xctest */;
			productType = "com.apple.product-type.bundle.unit-test";
		};
/* End PBXNativeTarget section */

/* Begin PBXProject section */
		48CF516F1933401600FBAAF6 /* Project object */ = {
			isa = PBXProject;
			attributes = {
				LastUpgradeCheck = 0510;
				ORGANIZATIONNAME = "Vikas Singh";
				TargetAttributes = {
					48CF51911933401700FBAAF6 = {
						TestTargetID = 48CF51761933401600FBAAF6;
					};
				};
			};
			buildConfigurationList = 48CF51721933401600FBAAF6 /* Build configuration list for PBXProject "PickerViewWithSearchBar" */;
			compatibilityVersion = "Xcode 3.2";
			developmentRegion = English;
			hasScannedForEncodings = 0;
			knownRegions = (
				en,
			);
			mainGroup = 48CF516E1933401600FBAAF6;
			productRefGroup = 48CF51781933401600FBAAF6 /* Products */;
			projectDirPath = "";
			projectRoot = "";
			targets = (
				48CF51761933401600FBAAF6 /* PickerViewWithSearchBar */,
				48CF51911933401700FBAAF6 /* PickerViewWithSearchBarTests */,
			);
		};
/* End PBXProject section */

/* Begin PBXResourcesBuildPhase section */
		48CF51751933401600FBAAF6 /* Resources */ = {
			isa = PBXResourcesBuildPhase;
			buildActionMask = 2147483647;
			files = (
				48CF51851933401700FBAAF6 /* InfoPlist.strings in Resources */,
				48CF518D1933401700FBAAF6 /* Images.xcassets in Resources */,
			);
			runOnlyForDeploymentPostprocessing = 0;
		};
		48CF51901933401700FBAAF6 /* Resources */ = {
			isa = PBXResourcesBuildPhase;
			buildActionMask = 2147483647;
			files = (
				48CF519E1933401700FBAAF6 /* InfoPlist.strings in Resources */,
			);
			runOnlyForDeploymentPostprocessing = 0;
		};
/* End PBXResourcesBuildPhase section */

/* Begin PBXSourcesBuildPhase section */
		48CF51731933401600FBAAF6 /* Sources */ = {
			isa = PBXSourcesBuildPhase;
			buildActionMask = 2147483647;
			files = (
				48CF518B1933401700FBAAF6 /* AppDelegate.m in Sources */,
				48CF51871933401700FBAAF6 /* main.m in Sources */,
			);
			runOnlyForDeploymentPostprocessing = 0;
		};
		48CF518E1933401700FBAAF6 /* Sources */ = {
			isa = PBXSourcesBuildPhase;
			buildActionMask = 2147483647;
			files = (
				48CF51A01933401700FBAAF6 /* PickerViewWithSearchBarTests.m in Sources */,
			);
			runOnlyForDeploymentPostprocessing = 0;
		};
/* End PBXSourcesBuildPhase section */

/* Begin PBXTargetDependency section */
		48CF51981933401700FBAAF6 /* PBXTargetDependency */ = {
			isa = PBXTargetDependency;
			target = 48CF51761933401600FBAAF6 /* PickerViewWithSearchBar */;
			targetProxy = 48CF51971933401700FBAAF6 /* PBXContainerItemProxy */;
		};
/* End PBXTargetDependency section */

/* Begin PBXVariantGroup section */
		48CF51831933401700FBAAF6 /* InfoPlist.strings */ = {
			isa = PBXVariantGroup;
			children = (
				48CF51841933401700FBAAF6 /* en */,
			);
			name = InfoPlist.strings;
			sourceTree = "<group>";
		};
		48CF519C1933401700FBAAF6 /* InfoPlist.strings */ = {
			isa = PBXVariantGroup;
			children = (
				48CF519D1933401700FBAAF6 /* en */,
			);
			name = InfoPlist.strings;
			sourceTree = "<group>";
		};
/* End PBXVariantGroup section */

/* Begin XCBuildConfiguration section */
		48CF51A11933401700FBAAF6 /* Debug */ = {
			isa = XCBuildConfiguration;
			buildSettings = {
				ALWAYS_SEARCH_USER_PATHS = NO;
				CLANG_CXX_LANGUAGE_STANDARD = "gnu++0x";
				CLANG_CXX_LIBRARY = "libc++";
				CLANG_ENABLE_MODULES = YES;
				CLANG_ENABLE_OBJC_ARC = YES;
				CLANG_WARN_BOOL_CONVERSION = YES;
				CLANG_WARN_CONSTANT_CONVERSION = YES;
				CLANG_WARN_DIRECT_OBJC_ISA_USAGE = YES_ERROR;
				CLANG_WARN_EMPTY_BODY = YES;
				CLANG_WARN_ENUM_CONVERSION = YES;
				CLANG_WARN_INT_CONVERSION = YES;
				CLANG_WARN_OBJC_ROOT_CLASS = YES_ERROR;
				CLANG_WARN__DUPLICATE_METHOD_MATCH = YES;
				"CODE_SIGN_IDENTITY[sdk=iphoneos*]" = "iPhone Developer";
				COPY_PHASE_STRIP = NO;
				GCC_C_LANGUAGE_STANDARD = gnu99;
				GCC_DYNAMIC_NO_PIC = NO;
				GCC_OPTIMIZATION_LEVEL = 0;
				GCC_PREPROCESSOR_DEFINITIONS = (
					"DEBUG=1",
					"$(inherited)",
				);
				GCC_SYMBOLS_PRIVATE_EXTERN = NO;
				GCC_WARN_64_TO_32_BIT_CONVERSION = YES;
				GCC_WARN_ABOUT_RETURN_TYPE = YES_ERROR;
				GCC_WARN_UNDECLARED_SELECTOR = YES;
				GCC_WARN_UNINITIALIZED_AUTOS = YES_AGGRESSIVE;
				GCC_WARN_UNUSED_FUNCTION = YES;
				GCC_WARN_UNUSED_VARIABLE = YES;
				IPHONEOS_DEPLOYMENT_TARGET = 7.1;
				ONLY_ACTIVE_ARCH = YES;
				SDKROOT = iphoneos;
			};
			name = Debug;
		};
		48CF51A21933401700FBAAF6 /* Release */ = {
			isa = XCBuildConfiguration;
			buildSettings = {
				ALWAYS_SEARCH_USER_PATHS = NO;
				CLANG_CXX_LANGUAGE_STANDARD = "gnu++0x";
				CLANG_CXX_LIBRARY = "libc++";
				CLANG_ENABLE_MODULES = YES;
				CLANG_ENABLE_OBJC_ARC = YES;
				CLANG_WARN_BOOL_CONVERSION = YES;
				CLANG_WARN_CONSTANT_CONVERSION = YES;
				CLANG_WARN_DIRECT_OBJC_ISA_USAGE = YES_ERROR;
				CLANG_WARN_EMPTY_BODY = YES;
				CLANG_WARN_ENUM_CONVERSION = YES;
				CLANG_WARN_INT_CONVERSION = YES;
				CLANG_WARN_OBJC_ROOT_CLASS = YES_ERROR;
				CLANG_WARN__DUPLICATE_METHOD_MATCH = YES;
				"CODE_SIGN_IDENTITY[sdk=iphoneos*]" = "iPhone Developer";
				COPY_PHASE_STRIP = YES;
				ENABLE_NS_ASSERTIONS = NO;
				GCC_C_LANGUAGE_STANDARD = gnu99;
				GCC_WARN_64_TO_32_BIT_CONVERSION = YES;
				GCC_WARN_ABOUT_RETURN_TYPE = YES_ERROR;
				GCC_WARN_UNDECLARED_SELECTOR = YES;
				GCC_WARN_UNINITIALIZED_AUTOS = YES_AGGRESSIVE;
				GCC_WARN_UNUSED_FUNCTION = YES;
				GCC_WARN_UNUSED_VARIABLE = YES;
				IPHONEOS_DEPLOYMENT_TARGET = 7.1;
				SDKROOT = iphoneos;
				VALIDATE_PRODUCT = YES;
			};
			name = Release;
		};
		48CF51A41933401700FBAAF6 /* Debug */ = {
			isa = XCBuildConfiguration;
			buildSettings = {
				ASSETCATALOG_COMPILER_APPICON_NAME = AppIcon;
				ASSETCATALOG_COMPILER_LAUNCHIMAGE_NAME = LaunchImage;
				GCC_PRECOMPILE_PREFIX_HEADER = YES;
				GCC_PREFIX_HEADER = "PickerViewWithSearchBar/PickerViewWithSearchBar-Prefix.pch";
				INFOPLIST_FILE = "PickerViewWithSearchBar/PickerViewWithSearchBar-Info.plist";
				PRODUCT_NAME = "$(TARGET_NAME)";
				WRAPPER_EXTENSION = app;
			};
			name = Debug;
		};
		48CF51A51933401700FBAAF6 /* Release */ = {
			isa = XCBuildConfiguration;
			buildSettings = {
				ASSETCATALOG_COMPILER_APPICON_NAME = AppIcon;
				ASSETCATALOG_COMPILER_LAUNCHIMAGE_NAME = LaunchImage;
				GCC_PRECOMPILE_PREFIX_HEADER = YES;
				GCC_PREFIX_HEADER = "PickerViewWithSearchBar/PickerViewWithSearchBar-Prefix.pch";
				INFOPLIST_FILE = "PickerViewWithSearchBar/PickerViewWithSearchBar-Info.plist";
				PRODUCT_NAME = "$(TARGET_NAME)";
				WRAPPER_EXTENSION = app;
			};
			name = Release;
		};
		48CF51A71933401700FBAAF6 /* Debug */ = {
			isa = XCBuildConfiguration;
			buildSettings = {
				BUNDLE_LOADER = "$(BUILT_PRODUCTS_DIR)/PickerViewWithSearchBar.app/PickerViewWithSearchBar";
				FRAMEWORK_SEARCH_PATHS = (
					"$(SDKROOT)/Developer/Library/Frameworks",
					"$(inherited)",
					"$(DEVELOPER_FRAMEWORKS_DIR)",
				);
				GCC_PRECOMPILE_PREFIX_HEADER = YES;
				GCC_PREFIX_HEADER = "PickerViewWithSearchBar/PickerViewWithSearchBar-Prefix.pch";
				GCC_PREPROCESSOR_DEFINITIONS = (
					"DEBUG=1",
					"$(inherited)",
				);
				INFOPLIST_FILE = "PickerViewWithSearchBarTests/PickerViewWithSearchBarTests-Info.plist";
				PRODUCT_NAME = "$(TARGET_NAME)";
				TEST_HOST = "$(BUNDLE_LOADER)";
				WRAPPER_EXTENSION = xctest;
			};
			name = Debug;
		};
		48CF51A81933401700FBAAF6 /* Release */ = {
			isa = XCBuildConfiguration;
			buildSettings = {
				BUNDLE_LOADER = "$(BUILT_PRODUCTS_DIR)/PickerViewWithSearchBar.app/PickerViewWithSearchBar";
				FRAMEWORK_SEARCH_PATHS = (
					"$(SDKROOT)/Developer/Library/Frameworks",
					"$(inherited)",
					"$(DEVELOPER_FRAMEWORKS_DIR)",
				);
				GCC_PRECOMPILE_PREFIX_HEADER = YES;
				GCC_PREFIX_HEADER = "PickerViewWithSearchBar/PickerViewWithSearchBar-Prefix.pch";
				INFOPLIST_FILE = "PickerViewWithSearchBarTests/PickerViewWithSearchBarTests-Info.plist";
				PRODUCT_NAME = "$(TARGET_NAME)";
				TEST_HOST = "$(BUNDLE_LOADER)";
				WRAPPER_EXTENSION = xctest;
			};
			name = Release;
		};
/* End XCBuildConfiguration section */

/* Begin XCConfigurationList section */
		48CF51721933401600FBAAF6 /* Build configuration list for PBXProject "PickerViewWithSearchBar" */ = {
			isa = XCConfigurationList;
			buildConfigurations = (
				48CF51A11933401700FBAAF6 /* Debug */,
				48CF51A21933401700FBAAF6 /* Release */,
			);
			defaultConfigurationIsVisible = 0;
			defaultConfigurationName = Release;
		};
		48CF51A31933401700FBAAF6 /* Build configuration list for PBXNativeTarget "PickerViewWithSearchBar" */ = {
			isa = XCConfigurationList;
			buildConfigurations = (
				48CF51A41933401700FBAAF6 /* Debug */,
				48CF51A51933401700FBAAF6 /* Release */,
			);
			defaultConfigurationIsVisible = 0;
		};
		48CF51A61933401700FBAAF6 /* Build configuration list for PBXNativeTarget "PickerViewWithSearchBarTests" */ = {
			isa = XCConfigurationList;
			buildConfigurations = (
				48CF51A71933401700FBAAF6 /* Debug */,
				48CF51A81933401700FBAAF6 /* Release */,
			);
			defaultConfigurationIsVisible = 0;
		};
/* End XCConfigurationList section */
	};
	rootObject = 48CF516F1933401600FBAAF6 /* Project object */;
}
